
Microsoft Visual Studio Solution File, Format Version 12.00
# Visual Studio 15
VisualStudioVersion = 15.0.28307.438
MinimumVisualStudioVersion = 10.0.40219.1
Project("{FAE04EC0-301F-11D3-BF4B-00C04F79EFBC}") = "EquipmentRental.Ui", "src\EquipmentRental.Ui\EquipmentRental.Ui.csproj", "{947253D8-CCC7-4EA4-93BB-D3327B5F2538}"
EndProject
Project("{2150E333-8FDC-42A3-9474-1A3956D46DE8}") = "Services", "Services", "{552EF44A-9E62-404C-947A-37A23BC2C566}"
EndProject
Project("{FAE04EC0-301F-11D3-BF4B-00C04F79EFBC}") = "EquipmentRental.Services.EquipmentService", "src\EquipmentRental.Services.EquipmentService\EquipmentRental.Services.EquipmentService.csproj", "{4BF2B14D-C5A5-4B7A-A0E7-553283E54580}"
EndProject
Project("{FAE04EC0-301F-11D3-BF4B-00C04F79EFBC}") = "EquipmentRental.Services.BasketService", "src\EquipmentRental.Services.BasketService\EquipmentRental.Services.BasketService.csproj", "{BC34463D-5509-49BF-959F-9C0E94667BF7}"
EndProject
Project("{2150E333-8FDC-42A3-9474-1A3956D46DE8}") = "Util", "Util", "{EF8E22FA-1E1D-4250-81BF-DF145AA74911}"
EndProject
Project("{FAE04EC0-301F-11D3-BF4B-00C04F79EFBC}") = "EquipmentRental.Util.Repository", "src\EquipmentRental.Util.Repository\EquipmentRental.Util.Repository.csproj", "{630BC91D-7F9A-49E5-8C9F-74AB524ECAFC}"
EndProject
Project("{E53339B2-1760-4266-BCC7-CA923CBCF16C}") = "docker-compose", "docker-compose.dcproj", "{EAB987ED-1AFD-49C4-8D28-D63BD61CB37E}"
EndProject
Project("{FAE04EC0-301F-11D3-BF4B-00C04F79EFBC}") = "EquipmentRental.Services.PricingService", "src\EquipmentRental.Services.PricingService\EquipmentRental.Services.PricingService.csproj", "{75D83CFE-819F-442D-B06A-0F0C125FEFB8}"
EndProject
Project("{2150E333-8FDC-42A3-9474-1A3956D46DE8}") = "Pricing", "Pricing", "{E340A42C-7B4B-4C34-9BB5-846757DB4B08}"
EndProject
Project("{9A19103F-16F7-4668-BE54-9A1E7A4F7556}") = "EquipmentRental.Services.PricingService.Domain", "src\EquipmentRental.Services.PricingService.Domain\EquipmentRental.Services.PricingService.Domain.csproj", "{3141A499-3492-425B-8D93-509ADC7EC569}"
EndProject
Project("{FAE04EC0-301F-11D3-BF4B-00C04F79EFBC}") = "EquipmentRental.Services.Pricing.PricingService.Command", "src\EquipmentRental.Services.Pricing.PricingService.Command\EquipmentRental.Services.Pricing.PricingService.Command.csproj", "{CCAE5EDE-A835-48B6-90BA-181E30F973AB}"
EndProject
Global
	GlobalSection(SolutionConfigurationPlatforms) = preSolution
		Debug|Any CPU = Debug|Any CPU
		Release|Any CPU = Release|Any CPU
	EndGlobalSection
	GlobalSection(ProjectConfigurationPlatforms) = postSolution
		{947253D8-CCC7-4EA4-93BB-D3327B5F2538}.Debug|Any CPU.ActiveCfg = Debug|Any CPU
		{947253D8-CCC7-4EA4-93BB-D3327B5F2538}.Debug|Any CPU.Build.0 = Debug|Any CPU
		{947253D8-CCC7-4EA4-93BB-D3327B5F2538}.Release|Any CPU.ActiveCfg = Release|Any CPU
		{947253D8-CCC7-4EA4-93BB-D3327B5F2538}.Release|Any CPU.Build.0 = Release|Any CPU
		{4BF2B14D-C5A5-4B7A-A0E7-553283E54580}.Debug|Any CPU.ActiveCfg = Debug|Any CPU
		{4BF2B14D-C5A5-4B7A-A0E7-553283E54580}.Debug|Any CPU.Build.0 = Debug|Any CPU
		{4BF2B14D-C5A5-4B7A-A0E7-553283E54580}.Release|Any CPU.ActiveCfg = Release|Any CPU
		{4BF2B14D-C5A5-4B7A-A0E7-553283E54580}.Release|Any CPU.Build.0 = Release|Any CPU
		{BC34463D-5509-49BF-959F-9C0E94667BF7}.Debug|Any CPU.ActiveCfg = Debug|Any CPU
		{BC34463D-5509-49BF-959F-9C0E94667BF7}.Debug|Any CPU.Build.0 = Debug|Any CPU
		{BC34463D-5509-49BF-959F-9C0E94667BF7}.Release|Any CPU.ActiveCfg = Release|Any CPU
		{BC34463D-5509-49BF-959F-9C0E94667BF7}.Release|Any CPU.Build.0 = Release|Any CPU
		{630BC91D-7F9A-49E5-8C9F-74AB524ECAFC}.Debug|Any CPU.ActiveCfg = Debug|Any CPU
		{630BC91D-7F9A-49E5-8C9F-74AB524ECAFC}.Debug|Any CPU.Build.0 = Debug|Any CPU
		{630BC91D-7F9A-49E5-8C9F-74AB524ECAFC}.Release|Any CPU.ActiveCfg = Release|Any CPU
		{630BC91D-7F9A-49E5-8C9F-74AB524ECAFC}.Release|Any CPU.Build.0 = Release|Any CPU
		{EAB987ED-1AFD-49C4-8D28-D63BD61CB37E}.Debug|Any CPU.ActiveCfg = Debug|Any CPU
		{EAB987ED-1AFD-49C4-8D28-D63BD61CB37E}.Debug|Any CPU.Build.0 = Debug|Any CPU
		{EAB987ED-1AFD-49C4-8D28-D63BD61CB37E}.Release|Any CPU.ActiveCfg = Release|Any CPU
		{EAB987ED-1AFD-49C4-8D28-D63BD61CB37E}.Release|Any CPU.Build.0 = Release|Any CPU
		{75D83CFE-819F-442D-B06A-0F0C125FEFB8}.Debug|Any CPU.ActiveCfg = Debug|Any CPU
		{75D83CFE-819F-442D-B06A-0F0C125FEFB8}.Debug|Any CPU.Build.0 = Debug|Any CPU
		{75D83CFE-819F-442D-B06A-0F0C125FEFB8}.Release|Any CPU.ActiveCfg = Release|Any CPU
		{75D83CFE-819F-442D-B06A-0F0C125FEFB8}.Release|Any CPU.Build.0 = Release|Any CPU
		{3141A499-3492-425B-8D93-509ADC7EC569}.Debug|Any CPU.ActiveCfg = Debug|Any CPU
		{3141A499-3492-425B-8D93-509ADC7EC569}.Debug|Any CPU.Build.0 = Debug|Any CPU
		{3141A499-3492-425B-8D93-509ADC7EC569}.Release|Any CPU.ActiveCfg = Release|Any CPU
		{3141A499-3492-425B-8D93-509ADC7EC569}.Release|Any CPU.Build.0 = Release|Any CPU
		{CCAE5EDE-A835-48B6-90BA-181E30F973AB}.Debug|Any CPU.ActiveCfg = Debug|Any CPU
		{CCAE5EDE-A835-48B6-90BA-181E30F973AB}.Debug|Any CPU.Build.0 = Debug|Any CPU
		{CCAE5EDE-A835-48B6-90BA-181E30F973AB}.Release|Any CPU.ActiveCfg = Release|Any CPU
		{CCAE5EDE-A835-48B6-90BA-181E30F973AB}.Release|Any CPU.Build.0 = Release|Any CPU
	EndGlobalSection
	GlobalSection(SolutionProperties) = preSolution
		HideSolutionNode = FALSE
	EndGlobalSection
	GlobalSection(NestedProjects) = preSolution
		{4BF2B14D-C5A5-4B7A-A0E7-553283E54580} = {552EF44A-9E62-404C-947A-37A23BC2C566}
		{BC34463D-5509-49BF-959F-9C0E94667BF7} = {552EF44A-9E62-404C-947A-37A23BC2C566}
		{630BC91D-7F9A-49E5-8C9F-74AB524ECAFC} = {EF8E22FA-1E1D-4250-81BF-DF145AA74911}
		{75D83CFE-819F-442D-B06A-0F0C125FEFB8} = {E340A42C-7B4B-4C34-9BB5-846757DB4B08}
		{E340A42C-7B4B-4C34-9BB5-846757DB4B08} = {552EF44A-9E62-404C-947A-37A23BC2C566}
		{3141A499-3492-425B-8D93-509ADC7EC569} = {E340A42C-7B4B-4C34-9BB5-846757DB4B08}
		{CCAE5EDE-A835-48B6-90BA-181E30F973AB} = {E340A42C-7B4B-4C34-9BB5-846757DB4B08}
	EndGlobalSection
	GlobalSection(ExtensibilityGlobals) = postSolution
		SolutionGuid = {B49E1B54-7A72-42FF-9FDE-49D1292D82B0}
	EndGlobalSection
EndGlobal
