
Microsoft Visual Studio Solution File, Format Version 12.00
# Visual Studio 15
VisualStudioVersion = 15.0.28307.438
MinimumVisualStudioVersion = 10.0.40219.1
Project("{FAE04EC0-301F-11D3-BF4B-00C04F79EFBC}") = "EquipmentRental.Ui", "src\EquipmentRental.Ui\EquipmentRental.Ui.csproj", "{947253D8-CCC7-4EA4-93BB-D3327B5F2538}"
EndProject
Project("{2150E333-8FDC-42A3-9474-1A3956D46DE8}") = "Services", "Services", "{552EF44A-9E62-404C-947A-37A23BC2C566}"
EndProject
Project("{FAE04EC0-301F-11D3-BF4B-00C04F79EFBC}") = "EquipmentRental.Services.EquipmentService", "src\EquipmentRental.Services.EquipmentService\EquipmentRental.Services.EquipmentService.csproj", "{4BF2B14D-C5A5-4B7A-A0E7-553283E54580}"
EndProject
Project("{FAE04EC0-301F-11D3-BF4B-00C04F79EFBC}") = "EquipmentRental.Services.BasketService", "src\EquipmentRental.Services.BasketService\EquipmentRental.Services.BasketService.csproj", "{BC34463D-5509-49BF-959F-9C0E94667BF7}"
EndProject
Project("{2150E333-8FDC-42A3-9474-1A3956D46DE8}") = "Util", "Util", "{EF8E22FA-1E1D-4250-81BF-DF145AA74911}"
EndProject
Project("{FAE04EC0-301F-11D3-BF4B-00C04F79EFBC}") = "EquipmentRental.Util.Repository", "src\EquipmentRental.Util.Repository\EquipmentRental.Util.Repository.csproj", "{630BC91D-7F9A-49E5-8C9F-74AB524ECAFC}"
EndProject
Global
	GlobalSection(SolutionConfigurationPlatforms) = preSolution
		Debug|Any CPU = Debug|Any CPU
		Release|Any CPU = Release|Any CPU
	EndGlobalSection
	GlobalSection(ProjectConfigurationPlatforms) = postSolution
		{947253D8-CCC7-4EA4-93BB-D3327B5F2538}.Debug|Any CPU.ActiveCfg = Debug|Any CPU
		{947253D8-CCC7-4EA4-93BB-D3327B5F2538}.Debug|Any CPU.Build.0 = Debug|Any CPU
		{947253D8-CCC7-4EA4-93BB-D3327B5F2538}.Release|Any CPU.ActiveCfg = Release|Any CPU
		{947253D8-CCC7-4EA4-93BB-D3327B5F2538}.Release|Any CPU.Build.0 = Release|Any CPU
		{4BF2B14D-C5A5-4B7A-A0E7-553283E54580}.Debug|Any CPU.ActiveCfg = Debug|Any CPU
		{4BF2B14D-C5A5-4B7A-A0E7-553283E54580}.Debug|Any CPU.Build.0 = Debug|Any CPU
		{4BF2B14D-C5A5-4B7A-A0E7-553283E54580}.Release|Any CPU.ActiveCfg = Release|Any CPU
		{4BF2B14D-C5A5-4B7A-A0E7-553283E54580}.Release|Any CPU.Build.0 = Release|Any CPU
		{BC34463D-5509-49BF-959F-9C0E94667BF7}.Debug|Any CPU.ActiveCfg = Debug|Any CPU
		{BC34463D-5509-49BF-959F-9C0E94667BF7}.Debug|Any CPU.Build.0 = Debug|Any CPU
		{BC34463D-5509-49BF-959F-9C0E94667BF7}.Release|Any CPU.ActiveCfg = Release|Any CPU
		{BC34463D-5509-49BF-959F-9C0E94667BF7}.Release|Any CPU.Build.0 = Release|Any CPU
		{630BC91D-7F9A-49E5-8C9F-74AB524ECAFC}.Debug|Any CPU.ActiveCfg = Debug|Any CPU
		{630BC91D-7F9A-49E5-8C9F-74AB524ECAFC}.Debug|Any CPU.Build.0 = Debug|Any CPU
		{630BC91D-7F9A-49E5-8C9F-74AB524ECAFC}.Release|Any CPU.ActiveCfg = Release|Any CPU
		{630BC91D-7F9A-49E5-8C9F-74AB524ECAFC}.Release|Any CPU.Build.0 = Release|Any CPU
	EndGlobalSection
	GlobalSection(SolutionProperties) = preSolution
		HideSolutionNode = FALSE
	EndGlobalSection
	GlobalSection(NestedProjects) = preSolution
		{4BF2B14D-C5A5-4B7A-A0E7-553283E54580} = {552EF44A-9E62-404C-947A-37A23BC2C566}
		{BC34463D-5509-49BF-959F-9C0E94667BF7} = {552EF44A-9E62-404C-947A-37A23BC2C566}
		{630BC91D-7F9A-49E5-8C9F-74AB524ECAFC} = {EF8E22FA-1E1D-4250-81BF-DF145AA74911}
	EndGlobalSection
	GlobalSection(ExtensibilityGlobals) = postSolution
		SolutionGuid = {B49E1B54-7A72-42FF-9FDE-49D1292D82B0}
	EndGlobalSection
EndGlobal
