
Microsoft Visual Studio Solution File, Format Version 12.00
# Visual Studio 15
VisualStudioVersion = 15.0.28307.438
MinimumVisualStudioVersion = 10.0.40219.1
Project("{FAE04EC0-301F-11D3-BF4B-00C04F79EFBC}") = "EquipmentRental.Ui", "src\EquipmentRental.Ui\EquipmentRental.Ui.csproj", "{947253D8-CCC7-4EA4-93BB-D3327B5F2538}"
EndProject
Global
	GlobalSection(SolutionConfigurationPlatforms) = preSolution
		Debug|Any CPU = Debug|Any CPU
		Release|Any CPU = Release|Any CPU
	EndGlobalSection
	GlobalSection(ProjectConfigurationPlatforms) = postSolution
		{947253D8-CCC7-4EA4-93BB-D3327B5F2538}.Debug|Any CPU.ActiveCfg = Debug|Any CPU
		{947253D8-CCC7-4EA4-93BB-D3327B5F2538}.Debug|Any CPU.Build.0 = Debug|Any CPU
		{947253D8-CCC7-4EA4-93BB-D3327B5F2538}.Release|Any CPU.ActiveCfg = Release|Any CPU
		{947253D8-CCC7-4EA4-93BB-D3327B5F2538}.Release|Any CPU.Build.0 = Release|Any CPU
	EndGlobalSection
	GlobalSection(SolutionProperties) = preSolution
		HideSolutionNode = FALSE
	EndGlobalSection
	GlobalSection(ExtensibilityGlobals) = postSolution
		SolutionGuid = {B49E1B54-7A72-42FF-9FDE-49D1292D82B0}
	EndGlobalSection
EndGlobal
